
Microsoft Visual Studio Solution File, Format Version 12.00
# Visual Studio Version 17
VisualStudioVersion = 17.5.33530.505
MinimumVisualStudioVersion = 10.0.40219.1
Project("{FAE04EC0-301F-11D3-BF4B-00C04F79EFBC}") = "Lab9", "Lab9\Lab9.csproj", "{4CA12A7F-238D-42BC-A793-E930B76EAE4E}"
EndProject
Global
	GlobalSection(SolutionConfigurationPlatforms) = preSolution
		Debug|Any CPU = Debug|Any CPU
		Release|Any CPU = Release|Any CPU
	EndGlobalSection
	GlobalSection(ProjectConfigurationPlatforms) = postSolution
		{4CA12A7F-238D-42BC-A793-E930B76EAE4E}.Debug|Any CPU.ActiveCfg = Debug|Any CPU
		{4CA12A7F-238D-42BC-A793-E930B76EAE4E}.Debug|Any CPU.Build.0 = Debug|Any CPU
		{4CA12A7F-238D-42BC-A793-E930B76EAE4E}.Release|Any CPU.ActiveCfg = Release|Any CPU
		{4CA12A7F-238D-42BC-A793-E930B76EAE4E}.Release|Any CPU.Build.0 = Release|Any CPU
	EndGlobalSection
	GlobalSection(SolutionProperties) = preSolution
		HideSolutionNode = FALSE
	EndGlobalSection
	GlobalSection(ExtensibilityGlobals) = postSolution
		SolutionGuid = {3602EC0D-AD1D-41EB-B02D-2199C15A7DEA}
	EndGlobalSection
EndGlobal
